# This file is automatically @generated by Poetry 1.5.1 and should not be changed by hand.

[[package]]
name = "black"
version = "23.10.0"
description = "The uncompromising code formatter."
optional = false
python-versions = ">=3.8"
files = [
    {file = "black-23.10.0-cp310-cp310-macosx_10_16_arm64.whl", hash = "sha256:f8dc7d50d94063cdfd13c82368afd8588bac4ce360e4224ac399e769d6704e98"},
    {file = "black-23.10.0-cp310-cp310-macosx_10_16_x86_64.whl", hash = "sha256:f20ff03f3fdd2fd4460b4f631663813e57dc277e37fb216463f3b907aa5a9bdd"},
    {file = "black-23.10.0-cp310-cp310-manylinux_2_17_x86_64.manylinux2014_x86_64.whl", hash = "sha256:d3d9129ce05b0829730323bdcb00f928a448a124af5acf90aa94d9aba6969604"},
    {file = "black-23.10.0-cp310-cp310-win_amd64.whl", hash = "sha256:960c21555be135c4b37b7018d63d6248bdae8514e5c55b71e994ad37407f45b8"},
    {file = "black-23.10.0-cp311-cp311-macosx_10_16_arm64.whl", hash = "sha256:30b78ac9b54cf87bcb9910ee3d499d2bc893afd52495066c49d9ee6b21eee06e"},
    {file = "black-23.10.0-cp311-cp311-macosx_10_16_x86_64.whl", hash = "sha256:0e232f24a337fed7a82c1185ae46c56c4a6167fb0fe37411b43e876892c76699"},
    {file = "black-23.10.0-cp311-cp311-manylinux_2_17_x86_64.manylinux2014_x86_64.whl", hash = "sha256:31946ec6f9c54ed7ba431c38bc81d758970dd734b96b8e8c2b17a367d7908171"},
    {file = "black-23.10.0-cp311-cp311-win_amd64.whl", hash = "sha256:c870bee76ad5f7a5ea7bd01dc646028d05568d33b0b09b7ecfc8ec0da3f3f39c"},
    {file = "black-23.10.0-cp38-cp38-macosx_10_16_arm64.whl", hash = "sha256:6901631b937acbee93c75537e74f69463adaf34379a04eef32425b88aca88a23"},
    {file = "black-23.10.0-cp38-cp38-macosx_10_16_x86_64.whl", hash = "sha256:481167c60cd3e6b1cb8ef2aac0f76165843a374346aeeaa9d86765fe0dd0318b"},
    {file = "black-23.10.0-cp38-cp38-manylinux_2_17_x86_64.manylinux2014_x86_64.whl", hash = "sha256:f74892b4b836e5162aa0452393112a574dac85e13902c57dfbaaf388e4eda37c"},
    {file = "black-23.10.0-cp38-cp38-win_amd64.whl", hash = "sha256:47c4510f70ec2e8f9135ba490811c071419c115e46f143e4dce2ac45afdcf4c9"},
    {file = "black-23.10.0-cp39-cp39-macosx_10_16_arm64.whl", hash = "sha256:76baba9281e5e5b230c9b7f83a96daf67a95e919c2dfc240d9e6295eab7b9204"},
    {file = "black-23.10.0-cp39-cp39-macosx_10_16_x86_64.whl", hash = "sha256:a3c2ddb35f71976a4cfeca558848c2f2f89abc86b06e8dd89b5a65c1e6c0f22a"},
    {file = "black-23.10.0-cp39-cp39-manylinux_2_17_x86_64.manylinux2014_x86_64.whl", hash = "sha256:db451a3363b1e765c172c3fd86213a4ce63fb8524c938ebd82919bf2a6e28c6a"},
    {file = "black-23.10.0-cp39-cp39-win_amd64.whl", hash = "sha256:7fb5fc36bb65160df21498d5a3dd330af8b6401be3f25af60c6ebfe23753f747"},
    {file = "black-23.10.0-py3-none-any.whl", hash = "sha256:e223b731a0e025f8ef427dd79d8cd69c167da807f5710add30cdf131f13dd62e"},
    {file = "black-23.10.0.tar.gz", hash = "sha256:31b9f87b277a68d0e99d2905edae08807c007973eaa609da5f0c62def6b7c0bd"},
]

[package.dependencies]
click = ">=8.0.0"
mypy-extensions = ">=0.4.3"
packaging = ">=22.0"
pathspec = ">=0.9.0"
platformdirs = ">=2"
tomli = {version = ">=1.1.0", markers = "python_version < \"3.11\""}
typing-extensions = {version = ">=4.0.1", markers = "python_version < \"3.11\""}

[package.extras]
colorama = ["colorama (>=0.4.3)"]
d = ["aiohttp (>=3.7.4)"]
jupyter = ["ipython (>=7.8.0)", "tokenize-rt (>=3.2.0)"]
uvloop = ["uvloop (>=0.15.2)"]

[[package]]
name = "click"
version = "8.1.7"
description = "Composable command line interface toolkit"
optional = false
python-versions = ">=3.7"
files = [
    {file = "click-8.1.7-py3-none-any.whl", hash = "sha256:ae74fb96c20a0277a1d615f1e4d73c8414f5a98db8b799a7931d1582f3390c28"},
    {file = "click-8.1.7.tar.gz", hash = "sha256:ca9853ad459e787e2192211578cc907e7594e294c7ccc834310722b41b9ca6de"},
]

[package.dependencies]
colorama = {version = "*", markers = "platform_system == \"Windows\""}

[[package]]
name = "colorama"
version = "0.4.6"
description = "Cross-platform colored terminal text."
optional = false
python-versions = "!=3.0.*,!=3.1.*,!=3.2.*,!=3.3.*,!=3.4.*,!=3.5.*,!=3.6.*,>=2.7"
files = [
    {file = "colorama-0.4.6-py2.py3-none-any.whl", hash = "sha256:4f1d9991f5acc0ca119f9d443620b77f9d6b33703e51011c16baf57afb285fc6"},
    {file = "colorama-0.4.6.tar.gz", hash = "sha256:08695f5cb7ed6e0531a20572697297273c47b8cae5a63ffc6d6ed5c201be6e44"},
]

[[package]]
name = "exceptiongroup"
version = "1.1.3"
description = "Backport of PEP 654 (exception groups)"
optional = false
python-versions = ">=3.7"
files = [
    {file = "exceptiongroup-1.1.3-py3-none-any.whl", hash = "sha256:343280667a4585d195ca1cf9cef84a4e178c4b6cf2274caef9859782b567d5e3"},
    {file = "exceptiongroup-1.1.3.tar.gz", hash = "sha256:097acd85d473d75af5bb98e41b61ff7fe35efe6675e4f9370ec6ec5126d160e9"},
]

[package.extras]
test = ["pytest (>=6)"]

[[package]]
name = "execnet"
version = "2.0.2"
description = "execnet: rapid multi-Python deployment"
optional = false
python-versions = ">=3.7"
files = [
    {file = "execnet-2.0.2-py3-none-any.whl", hash = "sha256:88256416ae766bc9e8895c76a87928c0012183da3cc4fc18016e6f050e025f41"},
    {file = "execnet-2.0.2.tar.gz", hash = "sha256:cc59bc4423742fd71ad227122eb0dd44db51efb3dc4095b45ac9a08c770096af"},
]

[package.extras]
testing = ["hatch", "pre-commit", "pytest", "tox"]

[[package]]
name = "flake8"
version = "6.1.0"
description = "the modular source code checker: pep8 pyflakes and co"
optional = false
python-versions = ">=3.8.1"
files = [
    {file = "flake8-6.1.0-py2.py3-none-any.whl", hash = "sha256:ffdfce58ea94c6580c77888a86506937f9a1a227dfcd15f245d694ae20a6b6e5"},
    {file = "flake8-6.1.0.tar.gz", hash = "sha256:d5b3857f07c030bdb5bf41c7f53799571d75c4491748a3adcd47de929e34cd23"},
]

[package.dependencies]
mccabe = ">=0.7.0,<0.8.0"
pycodestyle = ">=2.11.0,<2.12.0"
pyflakes = ">=3.1.0,<3.2.0"

[[package]]
name = "iniconfig"
version = "2.0.0"
description = "brain-dead simple config-ini parsing"
optional = false
python-versions = ">=3.7"
files = [
    {file = "iniconfig-2.0.0-py3-none-any.whl", hash = "sha256:b6a85871a79d2e3b22d2d1b94ac2824226a63c6b741c88f7ae975f18b6778374"},
    {file = "iniconfig-2.0.0.tar.gz", hash = "sha256:2d91e135bf72d31a410b17c16da610a82cb55f6b0477d1a902134b24a455b8b3"},
]

[[package]]
name = "isort"
version = "5.12.0"
description = "A Python utility / library to sort Python imports."
optional = false
python-versions = ">=3.8.0"
files = [
    {file = "isort-5.12.0-py3-none-any.whl", hash = "sha256:f84c2818376e66cf843d497486ea8fed8700b340f308f076c6fb1229dff318b6"},
    {file = "isort-5.12.0.tar.gz", hash = "sha256:8bef7dde241278824a6d83f44a544709b065191b95b6e50894bdc722fcba0504"},
]

[package.extras]
colors = ["colorama (>=0.4.3)"]
pipfile-deprecated-finder = ["pip-shims (>=0.5.2)", "pipreqs", "requirementslib"]
plugins = ["setuptools"]
requirements-deprecated-finder = ["pip-api", "pipreqs"]

[[package]]
name = "lxml"
version = "4.9.4"
description = "Powerful and Pythonic XML processing library combining libxml2/libxslt with the ElementTree API."
optional = false
python-versions = ">=2.7, !=3.0.*, !=3.1.*, !=3.2.*, !=3.3.*, != 3.4.*"
files = [
    {file = "lxml-4.9.4-cp27-cp27m-manylinux_2_5_i686.manylinux1_i686.whl", hash = "sha256:e214025e23db238805a600f1f37bf9f9a15413c7bf5f9d6ae194f84980c78722"},
    {file = "lxml-4.9.4-cp27-cp27m-manylinux_2_5_x86_64.manylinux1_x86_64.whl", hash = "sha256:ec53a09aee61d45e7dbe7e91252ff0491b6b5fee3d85b2d45b173d8ab453efc1"},
    {file = "lxml-4.9.4-cp27-cp27m-win32.whl", hash = "sha256:7d1d6c9e74c70ddf524e3c09d9dc0522aba9370708c2cb58680ea40174800013"},
    {file = "lxml-4.9.4-cp27-cp27m-win_amd64.whl", hash = "sha256:cb53669442895763e61df5c995f0e8361b61662f26c1b04ee82899c2789c8f69"},
    {file = "lxml-4.9.4-cp27-cp27mu-manylinux_2_5_i686.manylinux1_i686.whl", hash = "sha256:647bfe88b1997d7ae8d45dabc7c868d8cb0c8412a6e730a7651050b8c7289cf2"},
    {file = "lxml-4.9.4-cp27-cp27mu-manylinux_2_5_x86_64.manylinux1_x86_64.whl", hash = "sha256:4d973729ce04784906a19108054e1fd476bc85279a403ea1a72fdb051c76fa48"},
    {file = "lxml-4.9.4-cp310-cp310-macosx_11_0_x86_64.whl", hash = "sha256:056a17eaaf3da87a05523472ae84246f87ac2f29a53306466c22e60282e54ff8"},
    {file = "lxml-4.9.4-cp310-cp310-manylinux_2_12_i686.manylinux2010_i686.manylinux_2_24_i686.whl", hash = "sha256:aaa5c173a26960fe67daa69aa93d6d6a1cd714a6eb13802d4e4bd1d24a530644"},
    {file = "lxml-4.9.4-cp310-cp310-manylinux_2_17_aarch64.manylinux2014_aarch64.manylinux_2_24_aarch64.whl", hash = "sha256:647459b23594f370c1c01768edaa0ba0959afc39caeeb793b43158bb9bb6a663"},
    {file = "lxml-4.9.4-cp310-cp310-manylinux_2_17_x86_64.manylinux2014_x86_64.manylinux_2_24_x86_64.whl", hash = "sha256:bdd9abccd0927673cffe601d2c6cdad1c9321bf3437a2f507d6b037ef91ea307"},
    {file = "lxml-4.9.4-cp310-cp310-manylinux_2_28_x86_64.whl", hash = "sha256:00e91573183ad273e242db5585b52670eddf92bacad095ce25c1e682da14ed91"},
    {file = "lxml-4.9.4-cp310-cp310-musllinux_1_1_aarch64.whl", hash = "sha256:a602ed9bd2c7d85bd58592c28e101bd9ff9c718fbde06545a70945ffd5d11868"},
    {file = "lxml-4.9.4-cp310-cp310-musllinux_1_1_x86_64.whl", hash = "sha256:de362ac8bc962408ad8fae28f3967ce1a262b5d63ab8cefb42662566737f1dc7"},
    {file = "lxml-4.9.4-cp310-cp310-win32.whl", hash = "sha256:33714fcf5af4ff7e70a49731a7cc8fd9ce910b9ac194f66eaa18c3cc0a4c02be"},
    {file = "lxml-4.9.4-cp310-cp310-win_amd64.whl", hash = "sha256:d3caa09e613ece43ac292fbed513a4bce170681a447d25ffcbc1b647d45a39c5"},
    {file = "lxml-4.9.4-cp311-cp311-macosx_11_0_universal2.whl", hash = "sha256:359a8b09d712df27849e0bcb62c6a3404e780b274b0b7e4c39a88826d1926c28"},
    {file = "lxml-4.9.4-cp311-cp311-manylinux_2_12_i686.manylinux2010_i686.manylinux_2_24_i686.whl", hash = "sha256:43498ea734ccdfb92e1886dfedaebeb81178a241d39a79d5351ba2b671bff2b2"},
    {file = "lxml-4.9.4-cp311-cp311-manylinux_2_17_aarch64.manylinux2014_aarch64.manylinux_2_24_aarch64.whl", hash = "sha256:4855161013dfb2b762e02b3f4d4a21cc7c6aec13c69e3bffbf5022b3e708dd97"},
    {file = "lxml-4.9.4-cp311-cp311-manylinux_2_17_x86_64.manylinux2014_x86_64.manylinux_2_24_x86_64.whl", hash = "sha256:c71b5b860c5215fdbaa56f715bc218e45a98477f816b46cfde4a84d25b13274e"},
    {file = "lxml-4.9.4-cp311-cp311-manylinux_2_28_aarch64.whl", hash = "sha256:9a2b5915c333e4364367140443b59f09feae42184459b913f0f41b9fed55794a"},
    {file = "lxml-4.9.4-cp311-cp311-manylinux_2_28_x86_64.whl", hash = "sha256:d82411dbf4d3127b6cde7da0f9373e37ad3a43e89ef374965465928f01c2b979"},
    {file = "lxml-4.9.4-cp311-cp311-musllinux_1_1_aarch64.whl", hash = "sha256:273473d34462ae6e97c0f4e517bd1bf9588aa67a1d47d93f760a1282640e24ac"},
    {file = "lxml-4.9.4-cp311-cp311-musllinux_1_1_x86_64.whl", hash = "sha256:389d2b2e543b27962990ab529ac6720c3dded588cc6d0f6557eec153305a3622"},
    {file = "lxml-4.9.4-cp311-cp311-win32.whl", hash = "sha256:8aecb5a7f6f7f8fe9cac0bcadd39efaca8bbf8d1bf242e9f175cbe4c925116c3"},
    {file = "lxml-4.9.4-cp311-cp311-win_amd64.whl", hash = "sha256:c7721a3ef41591341388bb2265395ce522aba52f969d33dacd822da8f018aff8"},
    {file = "lxml-4.9.4-cp312-cp312-macosx_11_0_universal2.whl", hash = "sha256:dbcb2dc07308453db428a95a4d03259bd8caea97d7f0776842299f2d00c72fc8"},
    {file = "lxml-4.9.4-cp312-cp312-manylinux_2_28_aarch64.whl", hash = "sha256:01bf1df1db327e748dcb152d17389cf6d0a8c5d533ef9bab781e9d5037619229"},
    {file = "lxml-4.9.4-cp312-cp312-manylinux_2_28_x86_64.whl", hash = "sha256:e8f9f93a23634cfafbad6e46ad7d09e0f4a25a2400e4a64b1b7b7c0fbaa06d9d"},
    {file = "lxml-4.9.4-cp312-cp312-musllinux_1_1_aarch64.whl", hash = "sha256:3f3f00a9061605725df1816f5713d10cd94636347ed651abdbc75828df302b20"},
    {file = "lxml-4.9.4-cp312-cp312-musllinux_1_1_x86_64.whl", hash = "sha256:953dd5481bd6252bd480d6ec431f61d7d87fdcbbb71b0d2bdcfc6ae00bb6fb10"},
    {file = "lxml-4.9.4-cp312-cp312-win32.whl", hash = "sha256:266f655d1baff9c47b52f529b5f6bec33f66042f65f7c56adde3fcf2ed62ae8b"},
    {file = "lxml-4.9.4-cp312-cp312-win_amd64.whl", hash = "sha256:f1faee2a831fe249e1bae9cbc68d3cd8a30f7e37851deee4d7962b17c410dd56"},
    {file = "lxml-4.9.4-cp35-cp35m-manylinux_2_5_i686.manylinux1_i686.whl", hash = "sha256:23d891e5bdc12e2e506e7d225d6aa929e0a0368c9916c1fddefab88166e98b20"},
    {file = "lxml-4.9.4-cp35-cp35m-manylinux_2_5_x86_64.manylinux1_x86_64.whl", hash = "sha256:e96a1788f24d03e8d61679f9881a883ecdf9c445a38f9ae3f3f193ab6c591c66"},
    {file = "lxml-4.9.4-cp36-cp36m-macosx_11_0_x86_64.whl", hash = "sha256:5557461f83bb7cc718bc9ee1f7156d50e31747e5b38d79cf40f79ab1447afd2d"},
    {file = "lxml-4.9.4-cp36-cp36m-manylinux_2_12_i686.manylinux2010_i686.manylinux_2_24_i686.whl", hash = "sha256:fdb325b7fba1e2c40b9b1db407f85642e32404131c08480dd652110fc908561b"},
    {file = "lxml-4.9.4-cp36-cp36m-manylinux_2_17_aarch64.manylinux2014_aarch64.whl", hash = "sha256:3d74d4a3c4b8f7a1f676cedf8e84bcc57705a6d7925e6daef7a1e54ae543a197"},
    {file = "lxml-4.9.4-cp36-cp36m-manylinux_2_17_x86_64.manylinux2014_x86_64.manylinux_2_24_x86_64.whl", hash = "sha256:ac7674d1638df129d9cb4503d20ffc3922bd463c865ef3cb412f2c926108e9a4"},
    {file = "lxml-4.9.4-cp36-cp36m-manylinux_2_28_x86_64.whl", hash = "sha256:ddd92e18b783aeb86ad2132d84a4b795fc5ec612e3545c1b687e7747e66e2b53"},
    {file = "lxml-4.9.4-cp36-cp36m-manylinux_2_5_i686.manylinux1_i686.whl", hash = "sha256:2bd9ac6e44f2db368ef8986f3989a4cad3de4cd55dbdda536e253000c801bcc7"},
    {file = "lxml-4.9.4-cp36-cp36m-manylinux_2_5_x86_64.manylinux1_x86_64.whl", hash = "sha256:bc354b1393dce46026ab13075f77b30e40b61b1a53e852e99d3cc5dd1af4bc85"},
    {file = "lxml-4.9.4-cp36-cp36m-musllinux_1_1_aarch64.whl", hash = "sha256:f836f39678cb47c9541f04d8ed4545719dc31ad850bf1832d6b4171e30d65d23"},
    {file = "lxml-4.9.4-cp36-cp36m-musllinux_1_1_x86_64.whl", hash = "sha256:9c131447768ed7bc05a02553d939e7f0e807e533441901dd504e217b76307745"},
    {file = "lxml-4.9.4-cp36-cp36m-win32.whl", hash = "sha256:bafa65e3acae612a7799ada439bd202403414ebe23f52e5b17f6ffc2eb98c2be"},
    {file = "lxml-4.9.4-cp36-cp36m-win_amd64.whl", hash = "sha256:6197c3f3c0b960ad033b9b7d611db11285bb461fc6b802c1dd50d04ad715c225"},
    {file = "lxml-4.9.4-cp37-cp37m-manylinux_2_12_i686.manylinux2010_i686.manylinux_2_24_i686.whl", hash = "sha256:7b378847a09d6bd46047f5f3599cdc64fcb4cc5a5a2dd0a2af610361fbe77b16"},
    {file = "lxml-4.9.4-cp37-cp37m-manylinux_2_17_aarch64.manylinux2014_aarch64.manylinux_2_24_aarch64.whl", hash = "sha256:1343df4e2e6e51182aad12162b23b0a4b3fd77f17527a78c53f0f23573663545"},
    {file = "lxml-4.9.4-cp37-cp37m-manylinux_2_17_x86_64.manylinux2014_x86_64.manylinux_2_24_x86_64.whl", hash = "sha256:6dbdacf5752fbd78ccdb434698230c4f0f95df7dd956d5f205b5ed6911a1367c"},
    {file = "lxml-4.9.4-cp37-cp37m-manylinux_2_28_x86_64.whl", hash = "sha256:506becdf2ecaebaf7f7995f776394fcc8bd8a78022772de66677c84fb02dd33d"},
    {file = "lxml-4.9.4-cp37-cp37m-manylinux_2_5_i686.manylinux1_i686.whl", hash = "sha256:ca8e44b5ba3edb682ea4e6185b49661fc22b230cf811b9c13963c9f982d1d964"},
    {file = "lxml-4.9.4-cp37-cp37m-manylinux_2_5_x86_64.manylinux1_x86_64.whl", hash = "sha256:9d9d5726474cbbef279fd709008f91a49c4f758bec9c062dfbba88eab00e3ff9"},
    {file = "lxml-4.9.4-cp37-cp37m-musllinux_1_1_aarch64.whl", hash = "sha256:bbdd69e20fe2943b51e2841fc1e6a3c1de460d630f65bde12452d8c97209464d"},
    {file = "lxml-4.9.4-cp37-cp37m-musllinux_1_1_x86_64.whl", hash = "sha256:8671622256a0859f5089cbe0ce4693c2af407bc053dcc99aadff7f5310b4aa02"},
    {file = "lxml-4.9.4-cp37-cp37m-win32.whl", hash = "sha256:dd4fda67f5faaef4f9ee5383435048ee3e11ad996901225ad7615bc92245bc8e"},
    {file = "lxml-4.9.4-cp37-cp37m-win_amd64.whl", hash = "sha256:6bee9c2e501d835f91460b2c904bc359f8433e96799f5c2ff20feebd9bb1e590"},
    {file = "lxml-4.9.4-cp38-cp38-manylinux_2_12_i686.manylinux2010_i686.manylinux_2_24_i686.whl", hash = "sha256:1f10f250430a4caf84115b1e0f23f3615566ca2369d1962f82bef40dd99cd81a"},
    {file = "lxml-4.9.4-cp38-cp38-manylinux_2_17_aarch64.manylinux2014_aarch64.manylinux_2_24_aarch64.whl", hash = "sha256:3b505f2bbff50d261176e67be24e8909e54b5d9d08b12d4946344066d66b3e43"},
    {file = "lxml-4.9.4-cp38-cp38-manylinux_2_17_x86_64.manylinux2014_x86_64.manylinux_2_24_x86_64.whl", hash = "sha256:1449f9451cd53e0fd0a7ec2ff5ede4686add13ac7a7bfa6988ff6d75cff3ebe2"},
    {file = "lxml-4.9.4-cp38-cp38-manylinux_2_28_x86_64.whl", hash = "sha256:4ece9cca4cd1c8ba889bfa67eae7f21d0d1a2e715b4d5045395113361e8c533d"},
    {file = "lxml-4.9.4-cp38-cp38-manylinux_2_5_i686.manylinux1_i686.whl", hash = "sha256:59bb5979f9941c61e907ee571732219fa4774d5a18f3fa5ff2df963f5dfaa6bc"},
    {file = "lxml-4.9.4-cp38-cp38-manylinux_2_5_x86_64.manylinux1_x86_64.whl", hash = "sha256:b1980dbcaad634fe78e710c8587383e6e3f61dbe146bcbfd13a9c8ab2d7b1192"},
    {file = "lxml-4.9.4-cp38-cp38-musllinux_1_1_aarch64.whl", hash = "sha256:9ae6c3363261021144121427b1552b29e7b59de9d6a75bf51e03bc072efb3c37"},
    {file = "lxml-4.9.4-cp38-cp38-musllinux_1_1_x86_64.whl", hash = "sha256:bcee502c649fa6351b44bb014b98c09cb00982a475a1912a9881ca28ab4f9cd9"},
    {file = "lxml-4.9.4-cp38-cp38-win32.whl", hash = "sha256:a8edae5253efa75c2fc79a90068fe540b197d1c7ab5803b800fccfe240eed33c"},
    {file = "lxml-4.9.4-cp38-cp38-win_amd64.whl", hash = "sha256:701847a7aaefef121c5c0d855b2affa5f9bd45196ef00266724a80e439220e46"},
    {file = "lxml-4.9.4-cp39-cp39-macosx_11_0_x86_64.whl", hash = "sha256:f610d980e3fccf4394ab3806de6065682982f3d27c12d4ce3ee46a8183d64a6a"},
    {file = "lxml-4.9.4-cp39-cp39-manylinux_2_12_i686.manylinux2010_i686.manylinux_2_24_i686.whl", hash = "sha256:aa9b5abd07f71b081a33115d9758ef6077924082055005808f68feccb27616bd"},
    {file = "lxml-4.9.4-cp39-cp39-manylinux_2_17_aarch64.manylinux2014_aarch64.manylinux_2_24_aarch64.whl", hash = "sha256:365005e8b0718ea6d64b374423e870648ab47c3a905356ab6e5a5ff03962b9a9"},
    {file = "lxml-4.9.4-cp39-cp39-manylinux_2_17_x86_64.manylinux2014_x86_64.manylinux_2_24_x86_64.whl", hash = "sha256:16b9ec51cc2feab009e800f2c6327338d6ee4e752c76e95a35c4465e80390ccd"},
    {file = "lxml-4.9.4-cp39-cp39-manylinux_2_28_x86_64.whl", hash = "sha256:a905affe76f1802edcac554e3ccf68188bea16546071d7583fb1b693f9cf756b"},
    {file = "lxml-4.9.4-cp39-cp39-manylinux_2_5_i686.manylinux1_i686.whl", hash = "sha256:fd814847901df6e8de13ce69b84c31fc9b3fb591224d6762d0b256d510cbf382"},
    {file = "lxml-4.9.4-cp39-cp39-manylinux_2_5_x86_64.manylinux1_x86_64.whl", hash = "sha256:91bbf398ac8bb7d65a5a52127407c05f75a18d7015a270fdd94bbcb04e65d573"},
    {file = "lxml-4.9.4-cp39-cp39-musllinux_1_1_aarch64.whl", hash = "sha256:f99768232f036b4776ce419d3244a04fe83784bce871b16d2c2e984c7fcea847"},
    {file = "lxml-4.9.4-cp39-cp39-musllinux_1_1_x86_64.whl", hash = "sha256:bb5bd6212eb0edfd1e8f254585290ea1dadc3687dd8fd5e2fd9a87c31915cdab"},
    {file = "lxml-4.9.4-cp39-cp39-win32.whl", hash = "sha256:88f7c383071981c74ec1998ba9b437659e4fd02a3c4a4d3efc16774eb108d0ec"},
    {file = "lxml-4.9.4-cp39-cp39-win_amd64.whl", hash = "sha256:936e8880cc00f839aa4173f94466a8406a96ddce814651075f95837316369899"},
    {file = "lxml-4.9.4-pp310-pypy310_pp73-macosx_11_0_x86_64.whl", hash = "sha256:f6c35b2f87c004270fa2e703b872fcc984d714d430b305145c39d53074e1ffe0"},
    {file = "lxml-4.9.4-pp310-pypy310_pp73-manylinux_2_28_x86_64.whl", hash = "sha256:606d445feeb0856c2b424405236a01c71af7c97e5fe42fbc778634faef2b47e4"},
    {file = "lxml-4.9.4-pp310-pypy310_pp73-win_amd64.whl", hash = "sha256:a1bdcbebd4e13446a14de4dd1825f1e778e099f17f79718b4aeaf2403624b0f7"},
    {file = "lxml-4.9.4-pp37-pypy37_pp73-manylinux_2_12_i686.manylinux2010_i686.manylinux_2_24_i686.whl", hash = "sha256:0a08c89b23117049ba171bf51d2f9c5f3abf507d65d016d6e0fa2f37e18c0fc5"},
    {file = "lxml-4.9.4-pp37-pypy37_pp73-manylinux_2_17_x86_64.manylinux2014_x86_64.manylinux_2_24_x86_64.whl", hash = "sha256:232fd30903d3123be4c435fb5159938c6225ee8607b635a4d3fca847003134ba"},
    {file = "lxml-4.9.4-pp37-pypy37_pp73-manylinux_2_28_x86_64.whl", hash = "sha256:231142459d32779b209aa4b4d460b175cadd604fed856f25c1571a9d78114771"},
    {file = "lxml-4.9.4-pp38-pypy38_pp73-macosx_11_0_x86_64.whl", hash = "sha256:520486f27f1d4ce9654154b4494cf9307b495527f3a2908ad4cb48e4f7ed7ef7"},
    {file = "lxml-4.9.4-pp38-pypy38_pp73-manylinux_2_12_i686.manylinux2010_i686.manylinux_2_24_i686.whl", hash = "sha256:562778586949be7e0d7435fcb24aca4810913771f845d99145a6cee64d5b67ca"},
    {file = "lxml-4.9.4-pp38-pypy38_pp73-manylinux_2_17_x86_64.manylinux2014_x86_64.manylinux_2_24_x86_64.whl", hash = "sha256:a9e7c6d89c77bb2770c9491d988f26a4b161d05c8ca58f63fb1f1b6b9a74be45"},
    {file = "lxml-4.9.4-pp38-pypy38_pp73-manylinux_2_28_x86_64.whl", hash = "sha256:786d6b57026e7e04d184313c1359ac3d68002c33e4b1042ca58c362f1d09ff58"},
    {file = "lxml-4.9.4-pp38-pypy38_pp73-win_amd64.whl", hash = "sha256:95ae6c5a196e2f239150aa4a479967351df7f44800c93e5a975ec726fef005e2"},
    {file = "lxml-4.9.4-pp39-pypy39_pp73-macosx_11_0_x86_64.whl", hash = "sha256:9b556596c49fa1232b0fff4b0e69b9d4083a502e60e404b44341e2f8fb7187f5"},
    {file = "lxml-4.9.4-pp39-pypy39_pp73-manylinux_2_12_i686.manylinux2010_i686.manylinux_2_24_i686.whl", hash = "sha256:cc02c06e9e320869d7d1bd323df6dd4281e78ac2e7f8526835d3d48c69060683"},
    {file = "lxml-4.9.4-pp39-pypy39_pp73-manylinux_2_17_x86_64.manylinux2014_x86_64.manylinux_2_24_x86_64.whl", hash = "sha256:857d6565f9aa3464764c2cb6a2e3c2e75e1970e877c188f4aeae45954a314e0c"},
    {file = "lxml-4.9.4-pp39-pypy39_pp73-manylinux_2_28_x86_64.whl", hash = "sha256:c42ae7e010d7d6bc51875d768110c10e8a59494855c3d4c348b068f5fb81fdcd"},
    {file = "lxml-4.9.4-pp39-pypy39_pp73-win_amd64.whl", hash = "sha256:f10250bb190fb0742e3e1958dd5c100524c2cc5096c67c8da51233f7448dc137"},
    {file = "lxml-4.9.4.tar.gz", hash = "sha256:b1541e50b78e15fa06a2670157a1962ef06591d4c998b998047fff5e3236880e"},
]

[package.extras]
cssselect = ["cssselect (>=0.7)"]
html5 = ["html5lib"]
htmlsoup = ["BeautifulSoup4"]
source = ["Cython (==0.29.37)"]

[[package]]
name = "mccabe"
version = "0.7.0"
description = "McCabe checker, plugin for flake8"
optional = false
python-versions = ">=3.6"
files = [
    {file = "mccabe-0.7.0-py2.py3-none-any.whl", hash = "sha256:6c2d30ab6be0e4a46919781807b4f0d834ebdd6c6e3dca0bda5a15f863427b6e"},
    {file = "mccabe-0.7.0.tar.gz", hash = "sha256:348e0240c33b60bbdf4e523192ef919f28cb2c3d7d5c7794f74009290f236325"},
]

[[package]]
name = "mypy-extensions"
version = "1.0.0"
description = "Type system extensions for programs checked with the mypy type checker."
optional = false
python-versions = ">=3.5"
files = [
    {file = "mypy_extensions-1.0.0-py3-none-any.whl", hash = "sha256:4392f6c0eb8a5668a69e23d168ffa70f0be9ccfd32b5cc2d26a34ae5b844552d"},
    {file = "mypy_extensions-1.0.0.tar.gz", hash = "sha256:75dbf8955dc00442a438fc4d0666508a9a97b6bd41aa2f0ffe9d2f2725af0782"},
]

[[package]]
name = "packaging"
version = "23.2"
description = "Core utilities for Python packages"
optional = false
python-versions = ">=3.7"
files = [
    {file = "packaging-23.2-py3-none-any.whl", hash = "sha256:8c491190033a9af7e1d931d0b5dacc2ef47509b34dd0de67ed209b5203fc88c7"},
    {file = "packaging-23.2.tar.gz", hash = "sha256:048fb0e9405036518eaaf48a55953c750c11e1a1b68e0dd1a9d62ed0c092cfc5"},
]

[[package]]
name = "pathspec"
version = "0.11.2"
description = "Utility library for gitignore style pattern matching of file paths."
optional = false
python-versions = ">=3.7"
files = [
    {file = "pathspec-0.11.2-py3-none-any.whl", hash = "sha256:1d6ed233af05e679efb96b1851550ea95bbb64b7c490b0f5aa52996c11e92a20"},
    {file = "pathspec-0.11.2.tar.gz", hash = "sha256:e0d8d0ac2f12da61956eb2306b69f9469b42f4deb0f3cb6ed47b9cce9996ced3"},
]

[[package]]
name = "platformdirs"
version = "3.11.0"
description = "A small Python package for determining appropriate platform-specific dirs, e.g. a \"user data dir\"."
optional = false
python-versions = ">=3.7"
files = [
    {file = "platformdirs-3.11.0-py3-none-any.whl", hash = "sha256:e9d171d00af68be50e9202731309c4e658fd8bc76f55c11c7dd760d023bda68e"},
    {file = "platformdirs-3.11.0.tar.gz", hash = "sha256:cf8ee52a3afdb965072dcc652433e0c7e3e40cf5ea1477cd4b3b1d2eb75495b3"},
]

[package.extras]
docs = ["furo (>=2023.7.26)", "proselint (>=0.13)", "sphinx (>=7.1.1)", "sphinx-autodoc-typehints (>=1.24)"]
test = ["appdirs (==1.4.4)", "covdefaults (>=2.3)", "pytest (>=7.4)", "pytest-cov (>=4.1)", "pytest-mock (>=3.11.1)"]

[[package]]
name = "pluggy"
version = "1.3.0"
description = "plugin and hook calling mechanisms for python"
optional = false
python-versions = ">=3.8"
files = [
    {file = "pluggy-1.3.0-py3-none-any.whl", hash = "sha256:d89c696a773f8bd377d18e5ecda92b7a3793cbe66c87060a6fb58c7b6e1061f7"},
    {file = "pluggy-1.3.0.tar.gz", hash = "sha256:cf61ae8f126ac6f7c451172cf30e3e43d3ca77615509771b3a984a0730651e12"},
]

[package.extras]
dev = ["pre-commit", "tox"]
testing = ["pytest", "pytest-benchmark"]

[[package]]
name = "pycodestyle"
version = "2.11.1"
description = "Python style guide checker"
optional = false
python-versions = ">=3.8"
files = [
    {file = "pycodestyle-2.11.1-py2.py3-none-any.whl", hash = "sha256:44fe31000b2d866f2e41841b18528a505fbd7fef9017b04eff4e2648a0fadc67"},
    {file = "pycodestyle-2.11.1.tar.gz", hash = "sha256:41ba0e7afc9752dfb53ced5489e89f8186be00e599e712660695b7a75ff2663f"},
]

[[package]]
name = "pyflakes"
version = "3.1.0"
description = "passive checker of Python programs"
optional = false
python-versions = ">=3.8"
files = [
    {file = "pyflakes-3.1.0-py2.py3-none-any.whl", hash = "sha256:4132f6d49cb4dae6819e5379898f2b8cce3c5f23994194c24b77d5da2e36f774"},
    {file = "pyflakes-3.1.0.tar.gz", hash = "sha256:a0aae034c444db0071aa077972ba4768d40c830d9539fd45bf4cd3f8f6992efc"},
]

[[package]]
name = "pytest"
version = "7.4.2"
description = "pytest: simple powerful testing with Python"
optional = false
python-versions = ">=3.7"
files = [
    {file = "pytest-7.4.2-py3-none-any.whl", hash = "sha256:1d881c6124e08ff0a1bb75ba3ec0bfd8b5354a01c194ddd5a0a870a48d99b002"},
    {file = "pytest-7.4.2.tar.gz", hash = "sha256:a766259cfab564a2ad52cb1aae1b881a75c3eb7e34ca3779697c23ed47c47069"},
]

[package.dependencies]
colorama = {version = "*", markers = "sys_platform == \"win32\""}
exceptiongroup = {version = ">=1.0.0rc8", markers = "python_version < \"3.11\""}
iniconfig = "*"
packaging = "*"
pluggy = ">=0.12,<2.0"
tomli = {version = ">=1.0.0", markers = "python_version < \"3.11\""}

[package.extras]
testing = ["argcomplete", "attrs (>=19.2.0)", "hypothesis (>=3.56)", "mock", "nose", "pygments (>=2.7.2)", "requests", "setuptools", "xmlschema"]

[[package]]
name = "pytest-xdist"
version = "3.3.1"
description = "pytest xdist plugin for distributed testing, most importantly across multiple CPUs"
optional = false
python-versions = ">=3.7"
files = [
    {file = "pytest-xdist-3.3.1.tar.gz", hash = "sha256:d5ee0520eb1b7bcca50a60a518ab7a7707992812c578198f8b44fdfac78e8c93"},
    {file = "pytest_xdist-3.3.1-py3-none-any.whl", hash = "sha256:ff9daa7793569e6a68544850fd3927cd257cc03a7ef76c95e86915355e82b5f2"},
]

[package.dependencies]
execnet = ">=1.1"
pytest = ">=6.2.0"

[package.extras]
psutil = ["psutil (>=3.0)"]
setproctitle = ["setproctitle"]
testing = ["filelock"]

[[package]]
name = "saxonche"
version = "12.4.1.0"
description = "Official Saxonica python package for the SaxonC-HE 12.4.1 processor: for XSLT 3.0, XQuery 3.1, XPath 3.1 and XML Schema processing."
optional = false
python-versions = ">=3.8"
files = [
    {file = "saxonche-12.4.1.0-cp310-cp310-macosx_10_9_x86_64.whl", hash = "sha256:f6e7753b31151cce9a284ce8b794525dec617cd7976c86598ffcd9e07f579cf5"},
    {file = "saxonche-12.4.1.0-cp310-cp310-macosx_11_0_arm64.whl", hash = "sha256:3d5106ca5b4dc5fbc572f2fea359c2df03ee7d5aa842515f4829e0986fcc680d"},
    {file = "saxonche-12.4.1.0-cp310-cp310-manylinux_2_17_aarch64.manylinux2014_aarch64.whl", hash = "sha256:e3bb80c1cfbbeb72b97ea8317db7b6ac9f5d6f9f03e75b5545674b4e23f7a64e"},
    {file = "saxonche-12.4.1.0-cp310-cp310-manylinux_2_17_x86_64.manylinux2014_x86_64.whl", hash = "sha256:1afe6edf0d4d173e27ef201aa1909595e2a621110e271cd7f0bee381626d75ac"},
    {file = "saxonche-12.4.1.0-cp310-cp310-win_amd64.whl", hash = "sha256:22613bfa88361c6061e75692191dbf4c0fa838cc9d71415dff42c52ce7105a3c"},
    {file = "saxonche-12.4.1.0-cp311-cp311-macosx_10_9_x86_64.whl", hash = "sha256:dac40217d07c19a12e48eef9d0d2254e8e11036766489db9c59ac113d853c95f"},
    {file = "saxonche-12.4.1.0-cp311-cp311-macosx_11_0_arm64.whl", hash = "sha256:4994a4174237d39d5763aebe27631171db762da4f24c3ca176a47fb0667e3a6d"},
    {file = "saxonche-12.4.1.0-cp311-cp311-manylinux_2_17_aarch64.manylinux2014_aarch64.whl", hash = "sha256:5ca48db3f5696dda8065222169fdd51256983530f77fd367c46f161509b19edf"},
    {file = "saxonche-12.4.1.0-cp311-cp311-manylinux_2_17_x86_64.manylinux2014_x86_64.whl", hash = "sha256:a412d507b12ba4ac0f28d399feafb16402af3da1443cfbe6736316d94ff2dbd8"},
    {file = "saxonche-12.4.1.0-cp311-cp311-win_amd64.whl", hash = "sha256:150d5bd2ad751d8aaec54b88e509433d00e0e5ab848ba60b2db62f2a5f546aba"},
    {file = "saxonche-12.4.1.0-cp312-cp312-macosx_10_9_x86_64.whl", hash = "sha256:07cec7e07e3c34657f801b111b1d26243b50b69d3b247bb2938dc1a6c672357c"},
    {file = "saxonche-12.4.1.0-cp312-cp312-macosx_11_0_arm64.whl", hash = "sha256:18f7ae4d07bdd4e2e2bc29ac4f13f44e8a506cbf42f8d990d5acd04cc148de23"},
    {file = "saxonche-12.4.1.0-cp312-cp312-manylinux_2_17_aarch64.manylinux2014_aarch64.whl", hash = "sha256:b6e15770689cf0f319f2d6ca890af03539156abe245e5d5420bdf224680f7c52"},
    {file = "saxonche-12.4.1.0-cp312-cp312-manylinux_2_17_x86_64.manylinux2014_x86_64.whl", hash = "sha256:771bdf0ecc3c0a163831d2533c2c6b693bc067b5e6e6c6f60313c20a73bd8723"},
    {file = "saxonche-12.4.1.0-cp312-cp312-win_amd64.whl", hash = "sha256:26fe3450927fdf89dd89bc5e1613ea98e57f68d1752064830eba6106ccf16ec6"},
    {file = "saxonche-12.4.1.0-cp38-cp38-macosx_10_9_x86_64.whl", hash = "sha256:666afff5b6da9e737119292933ee817d433a2268f3caef1b8ce99c1d74c86890"},
    {file = "saxonche-12.4.1.0-cp38-cp38-macosx_11_0_arm64.whl", hash = "sha256:6fef371712c1341b6bd4e6b3d5cfc778b5042ad0c9c69851471698256faf1830"},
    {file = "saxonche-12.4.1.0-cp38-cp38-manylinux_2_17_aarch64.manylinux2014_aarch64.whl", hash = "sha256:e0f118c7327c54adde490486bc8a93189a674fa2573d36359cacb168c0ab6c86"},
    {file = "saxonche-12.4.1.0-cp38-cp38-manylinux_2_17_x86_64.manylinux2014_x86_64.whl", hash = "sha256:3a71a6d25159aa19031f3851ed523476f6dbd83f7c105636a11001e15d2cd2f2"},
    {file = "saxonche-12.4.1.0-cp38-cp38-win_amd64.whl", hash = "sha256:bc97545b7e4b25086dda2871cc513aaeb18de7718e4b4b7ab4d2c12be9a0198a"},
    {file = "saxonche-12.4.1.0-cp39-cp39-macosx_10_9_x86_64.whl", hash = "sha256:f85fe2170cb4bfe6b4693742dabe0a83bc5d25ba3c085f65d924083bc4a0e789"},
    {file = "saxonche-12.4.1.0-cp39-cp39-macosx_11_0_arm64.whl", hash = "sha256:dcf3c9db29c6978f7b512826134f8cecafbe96acd6fef9aa703fafb50a5aaed8"},
    {file = "saxonche-12.4.1.0-cp39-cp39-manylinux_2_17_aarch64.manylinux2014_aarch64.whl", hash = "sha256:adbab4e7edebde7f1f673766c5f66db5acfa31a7de8fb91db31b5205bf46c556"},
    {file = "saxonche-12.4.1.0-cp39-cp39-manylinux_2_17_x86_64.manylinux2014_x86_64.whl", hash = "sha256:decf0bf1c3949b9f66f7ad8149b315cee3e477c4179b38d4c420fa11d965d7b4"},
    {file = "saxonche-12.4.1.0-cp39-cp39-win_amd64.whl", hash = "sha256:51f95968a2250002d37319c214b719826f9009a0245f82f14d22601a327d8f01"},
]

[[package]]
name = "tomli"
version = "2.0.1"
description = "A lil' TOML parser"
optional = false
python-versions = ">=3.7"
files = [
    {file = "tomli-2.0.1-py3-none-any.whl", hash = "sha256:939de3e7a6161af0c887ef91b7d41a53e7c5a1ca976325f429cb46ea9bc30ecc"},
    {file = "tomli-2.0.1.tar.gz", hash = "sha256:de526c12914f0c550d15924c62d72abc48d6fe7364aa87328337a31007fe8a4f"},
]

[[package]]
name = "typing-extensions"
version = "4.8.0"
description = "Backported and Experimental Type Hints for Python 3.8+"
optional = false
python-versions = ">=3.8"
files = [
    {file = "typing_extensions-4.8.0-py3-none-any.whl", hash = "sha256:8f92fc8806f9a6b641eaa5318da32b44d401efaac0f6678c9bc448ba3605faa0"},
    {file = "typing_extensions-4.8.0.tar.gz", hash = "sha256:df8e4339e9cb77357558cbdbceca33c303714cf861d1eef15e1070055ae8b7ef"},
]

[metadata]
lock-version = "2.0"
python-versions = "^3.10"
content-hash = "54aab202c582d746ec66a4fab743778b4caba0006bc360b5e87ae0be5a046e6c"
